# This file is generated by running "yarn install" inside your project.
# Manual changes might be lost - proceed with caution!

__metadata:
  version: 6

"@editorjs/document-model@workspace:.":
  version: 0.0.0-use.local
  resolution: "@editorjs/document-model@workspace:."
  languageName: unknown
  linkType: soft
